github.com/anatolio-deb/pokemon-async-client v0.0.0-20230508123200-cf0664087725 h1:hJX7bbeMNZ5P3Sp2nxJYDhse6Gc7EkE958ZI7onVFlI=
github.com/anatolio-deb/pokemon-async-client v0.0.0-20230508123200-cf0664087725/go.mod h1:eGmhM9cstsa1p47sEyZxB2ZZRIcISNcMJ0t3ohnUjUs=
github.com/julienschmidt/httprouter v1.3.0 h1:U0609e9tgbseu3rBINet9P48AI/D3oJs4dN7jwJOQ1U=
github.com/julienschmidt/httprouter v1.3.0/go.mod h1:JR6WtHb+2LUe8TCKY3cZOxFyyO8IZAc4RVcycCCAKdM=
